
Microsoft Visual Studio Solution File, Format Version 12.00
# Visual Studio 15
VisualStudioVersion = 15.0.28010.2050
MinimumVisualStudioVersion = 10.0.40219.1
Project("{FAE04EC0-301F-11D3-BF4B-00C04F79EFBC}") = "assignment2", "assignment2\assignment2.csproj", "{C8580B78-62FD-4423-A9B8-EF158A119E8E}"
EndProject
Global
	GlobalSection(SolutionConfigurationPlatforms) = preSolution
		Debug|Any CPU = Debug|Any CPU
		Release|Any CPU = Release|Any CPU
	EndGlobalSection
	GlobalSection(ProjectConfigurationPlatforms) = postSolution
		{C8580B78-62FD-4423-A9B8-EF158A119E8E}.Debug|Any CPU.ActiveCfg = Debug|Any CPU
		{C8580B78-62FD-4423-A9B8-EF158A119E8E}.Debug|Any CPU.Build.0 = Debug|Any CPU
		{C8580B78-62FD-4423-A9B8-EF158A119E8E}.Release|Any CPU.ActiveCfg = Release|Any CPU
		{C8580B78-62FD-4423-A9B8-EF158A119E8E}.Release|Any CPU.Build.0 = Release|Any CPU
	EndGlobalSection
	GlobalSection(SolutionProperties) = preSolution
		HideSolutionNode = FALSE
	EndGlobalSection
	GlobalSection(ExtensibilityGlobals) = postSolution
		SolutionGuid = {4E66A1A1-EDAD-4C61-A108-036531F89861}
	EndGlobalSection
EndGlobal
